
Microsoft Visual Studio Solution File, Format Version 12.00
# Visual Studio Version 17
VisualStudioVersion = 17.3.32922.545
MinimumVisualStudioVersion = 10.0.40219.1
Project("{FAE04EC0-301F-11D3-BF4B-00C04F79EFBC}") = "CodeDojo", "CodeDojo\CodeDojo.csproj", "{B660A92F-3D77-471C-BB91-06F95FA796DE}"
EndProject
Global
	GlobalSection(SolutionConfigurationPlatforms) = preSolution
		Debug|Any CPU = Debug|Any CPU
		Release|Any CPU = Release|Any CPU
	EndGlobalSection
	GlobalSection(ProjectConfigurationPlatforms) = postSolution
		{B660A92F-3D77-471C-BB91-06F95FA796DE}.Debug|Any CPU.ActiveCfg = Debug|Any CPU
		{B660A92F-3D77-471C-BB91-06F95FA796DE}.Debug|Any CPU.Build.0 = Debug|Any CPU
		{B660A92F-3D77-471C-BB91-06F95FA796DE}.Release|Any CPU.ActiveCfg = Release|Any CPU
		{B660A92F-3D77-471C-BB91-06F95FA796DE}.Release|Any CPU.Build.0 = Release|Any CPU
	EndGlobalSection
	GlobalSection(SolutionProperties) = preSolution
		HideSolutionNode = FALSE
	EndGlobalSection
	GlobalSection(ExtensibilityGlobals) = postSolution
		SolutionGuid = {0FAEBF6B-7E23-4D17-9D8C-9FE7CFE638D8}
	EndGlobalSection
EndGlobal
